
Microsoft Visual Studio Solution File, Format Version 12.00
# Visual Studio Version 17
VisualStudioVersion = 17.10.34928.147
MinimumVisualStudioVersion = 10.0.40219.1
Project("{FAE04EC0-301F-11D3-BF4B-00C04F79EFBC}") = "ByteTechSchoolERP", "ByteTechSchoolERP\ByteTechSchoolERP.csproj", "{0203AF42-461B-4B8A-B502-E1CC490FEFB9}"
EndProject
Project("{FAE04EC0-301F-11D3-BF4B-00C04F79EFBC}") = "ByteTechSchoolERP.DataAccess", "ByteTechSchoolERP.DataAccess\ByteTechSchoolERP.DataAccess.csproj", "{6ADB600C-D1BD-462B-A772-3819A4C23614}"
EndProject
Project("{FAE04EC0-301F-11D3-BF4B-00C04F79EFBC}") = "ByteTechSchoolERP.Models", "ByteTechSchoolERP.Models\ByteTechSchoolERP.Models.csproj", "{D0D21517-F574-4178-B3FB-574D124B1A5A}"
EndProject
Project("{FAE04EC0-301F-11D3-BF4B-00C04F79EFBC}") = "ByteTechSchoolERP.Utility", "ByteTechSchoolERP.Utility\ByteTechSchoolERP.Utility.csproj", "{E06D951C-D288-4E93-B867-E5EC3DB3F253}"
EndProject
Global
	GlobalSection(SolutionConfigurationPlatforms) = preSolution
		Debug|Any CPU = Debug|Any CPU
		Release|Any CPU = Release|Any CPU
	EndGlobalSection
	GlobalSection(ProjectConfigurationPlatforms) = postSolution
		{0203AF42-461B-4B8A-B502-E1CC490FEFB9}.Debug|Any CPU.ActiveCfg = Debug|Any CPU
		{0203AF42-461B-4B8A-B502-E1CC490FEFB9}.Debug|Any CPU.Build.0 = Debug|Any CPU
		{0203AF42-461B-4B8A-B502-E1CC490FEFB9}.Release|Any CPU.ActiveCfg = Release|Any CPU
		{0203AF42-461B-4B8A-B502-E1CC490FEFB9}.Release|Any CPU.Build.0 = Release|Any CPU
		{6ADB600C-D1BD-462B-A772-3819A4C23614}.Debug|Any CPU.ActiveCfg = Debug|Any CPU
		{6ADB600C-D1BD-462B-A772-3819A4C23614}.Debug|Any CPU.Build.0 = Debug|Any CPU
		{6ADB600C-D1BD-462B-A772-3819A4C23614}.Release|Any CPU.ActiveCfg = Release|Any CPU
		{6ADB600C-D1BD-462B-A772-3819A4C23614}.Release|Any CPU.Build.0 = Release|Any CPU
		{D0D21517-F574-4178-B3FB-574D124B1A5A}.Debug|Any CPU.ActiveCfg = Debug|Any CPU
		{D0D21517-F574-4178-B3FB-574D124B1A5A}.Debug|Any CPU.Build.0 = Debug|Any CPU
		{D0D21517-F574-4178-B3FB-574D124B1A5A}.Release|Any CPU.ActiveCfg = Release|Any CPU
		{D0D21517-F574-4178-B3FB-574D124B1A5A}.Release|Any CPU.Build.0 = Release|Any CPU
		{E06D951C-D288-4E93-B867-E5EC3DB3F253}.Debug|Any CPU.ActiveCfg = Debug|Any CPU
		{E06D951C-D288-4E93-B867-E5EC3DB3F253}.Debug|Any CPU.Build.0 = Debug|Any CPU
		{E06D951C-D288-4E93-B867-E5EC3DB3F253}.Release|Any CPU.ActiveCfg = Release|Any CPU
		{E06D951C-D288-4E93-B867-E5EC3DB3F253}.Release|Any CPU.Build.0 = Release|Any CPU
	EndGlobalSection
	GlobalSection(SolutionProperties) = preSolution
		HideSolutionNode = FALSE
	EndGlobalSection
	GlobalSection(ExtensibilityGlobals) = postSolution
		SolutionGuid = {2BD88438-5B4A-4E0F-9EA0-CA1E4F078603}
	EndGlobalSection
EndGlobal
